
Microsoft Visual Studio Solution File, Format Version 12.00
# Visual Studio Version 16
VisualStudioVersion = 16.0.30804.86
MinimumVisualStudioVersion = 10.0.40219.1
Project("{FAE04EC0-301F-11D3-BF4B-00C04F79EFBC}") = "osuprofile", "osuprofile.csproj", "{68152BB2-3D70-4C3B-87EB-2DAB8BD2DA72}"
EndProject
Global
	GlobalSection(SolutionConfigurationPlatforms) = preSolution
		Debug|Any CPU = Debug|Any CPU
		Release|Any CPU = Release|Any CPU
	EndGlobalSection
	GlobalSection(ProjectConfigurationPlatforms) = postSolution
		{68152BB2-3D70-4C3B-87EB-2DAB8BD2DA72}.Debug|Any CPU.ActiveCfg = Debug|Any CPU
		{68152BB2-3D70-4C3B-87EB-2DAB8BD2DA72}.Debug|Any CPU.Build.0 = Debug|Any CPU
		{68152BB2-3D70-4C3B-87EB-2DAB8BD2DA72}.Release|Any CPU.ActiveCfg = Release|Any CPU
		{68152BB2-3D70-4C3B-87EB-2DAB8BD2DA72}.Release|Any CPU.Build.0 = Release|Any CPU
	EndGlobalSection
	GlobalSection(SolutionProperties) = preSolution
		HideSolutionNode = FALSE
	EndGlobalSection
	GlobalSection(ExtensibilityGlobals) = postSolution
		SolutionGuid = {F5B34620-8FEC-4F9E-B419-7E5BB4B972A8}
	EndGlobalSection
EndGlobal
